
Microsoft Visual Studio Solution File, Format Version 12.00
# Visual Studio Version 17
VisualStudioVersion = 17.14.36705.20 d17.14
MinimumVisualStudioVersion = 10.0.40219.1
Project("{FAE04EC0-301F-11D3-BF4B-00C04F79EFBC}") = "CRUDRevision", "CRUDRevision.csproj", "{647DF07A-9862-43CC-A3DB-586E80C146E7}"
EndProject
Global
	GlobalSection(SolutionConfigurationPlatforms) = preSolution
		Debug|Any CPU = Debug|Any CPU
		Release|Any CPU = Release|Any CPU
	EndGlobalSection
	GlobalSection(ProjectConfigurationPlatforms) = postSolution
		{647DF07A-9862-43CC-A3DB-586E80C146E7}.Debug|Any CPU.ActiveCfg = Debug|Any CPU
		{647DF07A-9862-43CC-A3DB-586E80C146E7}.Debug|Any CPU.Build.0 = Debug|Any CPU
		{647DF07A-9862-43CC-A3DB-586E80C146E7}.Release|Any CPU.ActiveCfg = Release|Any CPU
		{647DF07A-9862-43CC-A3DB-586E80C146E7}.Release|Any CPU.Build.0 = Release|Any CPU
	EndGlobalSection
	GlobalSection(SolutionProperties) = preSolution
		HideSolutionNode = FALSE
	EndGlobalSection
	GlobalSection(ExtensibilityGlobals) = postSolution
		SolutionGuid = {DA35C9FF-551A-4997-B473-7F3B132C6387}
	EndGlobalSection
EndGlobal
